
Microsoft Visual Studio Solution File, Format Version 12.00
# Visual Studio Version 17
VisualStudioVersion = 17.13.35828.75 d17.13
MinimumVisualStudioVersion = 10.0.40219.1
Project("{FAE04EC0-301F-11D3-BF4B-00C04F79EFBC}") = "Travel", "Travel.csproj", "{EAB921D5-54E4-4A68-8C14-2F4E2F26B17F}"
EndProject
Global
	GlobalSection(SolutionConfigurationPlatforms) = preSolution
		Debug|Any CPU = Debug|Any CPU
		Release|Any CPU = Release|Any CPU
	EndGlobalSection
	GlobalSection(ProjectConfigurationPlatforms) = postSolution
		{EAB921D5-54E4-4A68-8C14-2F4E2F26B17F}.Debug|Any CPU.ActiveCfg = Debug|Any CPU
		{EAB921D5-54E4-4A68-8C14-2F4E2F26B17F}.Debug|Any CPU.Build.0 = Debug|Any CPU
		{EAB921D5-54E4-4A68-8C14-2F4E2F26B17F}.Release|Any CPU.ActiveCfg = Release|Any CPU
		{EAB921D5-54E4-4A68-8C14-2F4E2F26B17F}.Release|Any CPU.Build.0 = Release|Any CPU
	EndGlobalSection
	GlobalSection(SolutionProperties) = preSolution
		HideSolutionNode = FALSE
	EndGlobalSection
	GlobalSection(ExtensibilityGlobals) = postSolution
		SolutionGuid = {FCDF3106-E9CB-46FF-BB7A-4133751F439B}
	EndGlobalSection
EndGlobal
